{
  "originHash" : "ca26092ebdb2576c53d900bea46fed9f19401305a91811317ce604f88fc378f0",
  "pins" : [
    {
      "identity" : "materialdesigntextfield",
      "kind" : "remoteSourceControl",
      "location" : "https://github.com/lazarevzubov/MaterialDesignTextField.git",
      "state" : {
        "revision" : "9f770af3c46d5536c5365d39a4c0bf8f57c0256e",
        "version" : "1.0.0"
      }
    }
  ],
  "version" : 3
}
