// !$*UTF8*$!
{
	archiveVersion = 1;
	classes = {
	};
	objectVersion = 55;
	objects = {

/* Begin PBXBuildFile section */
		DD6C01B6283A751C00663C9E /* MaterialDesignTextFieldExampleApp.swift in Sources */ = {isa = PBXBuildFile; fileRef = DD6C01B5283A751C00663C9E /* MaterialDesignTextFieldExampleApp.swift */; };
		DD6C01B8283A751C00663C9E /* ContentView.swift in Sources */ = {isa = PBXBuildFile; fileRef = DD6C01B7283A751C00663C9E /* ContentView.swift */; };
		DD6C01BA283A751E00663C9E /* Assets.xcassets in Resources */ = {isa = PBXBuildFile; fileRef = DD6C01B9283A751E00663C9E /* Assets.xcassets */; };
		DD6C01BD283A751E00663C9E /* Preview Assets.xcassets in Resources */ = {isa = PBXBuildFile; fileRef = DD6C01BC283A751E00663C9E /* Preview Assets.xcassets */; };
		DD6C01C5283A755300663C9E /* MaterialDesignTextField in Frameworks */ = {isa = PBXBuildFile; productRef = DD6C01C4283A755300663C9E /* MaterialDesignTextField */; };
		DD6C01C8283A759600663C9E /* ContentViewModel.swift in Sources */ = {isa = PBXBuildFile; fileRef = DD6C01C7283A759600663C9E /* ContentViewModel.swift */; };
/* End PBXBuildFile section */

/* Begin PBXFileReference section */
		DD6C01B2283A751C00663C9E /* MaterialDesignTextFieldExample.app */ = {isa = PBXFileReference; explicitFileType = wrapper.application; includeInIndex = 0; path = MaterialDesignTextFieldExample.app; sourceTree = BUILT_PRODUCTS_DIR; };
		DD6C01B5283A751C00663C9E /* MaterialDesignTextFieldExampleApp.swift */ = {isa = PBXFileReference; lastKnownFileType = sourcecode.swift; path = MaterialDesignTextFieldExampleApp.swift; sourceTree = "<group>"; };
		DD6C01B7283A751C00663C9E /* ContentView.swift */ = {isa = PBXFileReference; lastKnownFileType = sourcecode.swift; path = ContentView.swift; sourceTree = "<group>"; };
		DD6C01B9283A751E00663C9E /* Assets.xcassets */ = {isa = PBXFileReference; lastKnownFileType = folder.assetcatalog; path = Assets.xcassets; sourceTree = "<group>"; };
		DD6C01BC283A751E00663C9E /* Preview Assets.xcassets */ = {isa = PBXFileReference; lastKnownFileType = folder.assetcatalog; path = "Preview Assets.xcassets"; sourceTree = "<group>"; };
		DD6C01C7283A759600663C9E /* ContentViewModel.swift */ = {isa = PBXFileReference; lastKnownFileType = sourcecode.swift; path = ContentViewModel.swift; sourceTree = "<group>"; };
		DD6C01C9283A778200663C9E /* LICENSE */ = {isa = PBXFileReference; lastKnownFileType = text; path = LICENSE; sourceTree = "<group>"; };
		DD6C01CA283A778800663C9E /* README.md */ = {isa = PBXFileReference; lastKnownFileType = net.daringfireball.markdown; path = README.md; sourceTree = "<group>"; };
/* End PBXFileReference section */

/* Begin PBXFrameworksBuildPhase section */
		DD6C01AF283A751C00663C9E /* Frameworks */ = {
			isa = PBXFrameworksBuildPhase;
			buildActionMask = 2147483647;
			files = (
				DD6C01C5283A755300663C9E /* MaterialDesignTextField in Frameworks */,
			);
			runOnlyForDeploymentPostprocessing = 0;
		};
/* End PBXFrameworksBuildPhase section */

/* Begin PBXGroup section */
		DD6C01A9283A751C00663C9E = {
			isa = PBXGroup;
			children = (
				DD6C01B4283A751C00663C9E /* MaterialDesignTextFieldExample */,
				DD6C01C9283A778200663C9E /* LICENSE */,
				DD6C01CA283A778800663C9E /* README.md */,
				DD6C01B3283A751C00663C9E /* Products */,
			);
			sourceTree = "<group>";
		};
		DD6C01B3283A751C00663C9E /* Products */ = {
			isa = PBXGroup;
			children = (
				DD6C01B2283A751C00663C9E /* MaterialDesignTextFieldExample.app */,
			);
			name = Products;
			sourceTree = "<group>";
		};
		DD6C01B4283A751C00663C9E /* MaterialDesignTextFieldExample */ = {
			isa = PBXGroup;
			children = (
				DD6C01C6283A757500663C9E /* Content */,
				DD6C01BB283A751E00663C9E /* Preview Content */,
				DD6C01B9283A751E00663C9E /* Assets.xcassets */,
				DD6C01B5283A751C00663C9E /* MaterialDesignTextFieldExampleApp.swift */,
			);
			path = MaterialDesignTextFieldExample;
			sourceTree = "<group>";
		};
		DD6C01BB283A751E00663C9E /* Preview Content */ = {
			isa = PBXGroup;
			children = (
				DD6C01BC283A751E00663C9E /* Preview Assets.xcassets */,
			);
			path = "Preview Content";
			sourceTree = "<group>";
		};
		DD6C01C6283A757500663C9E /* Content */ = {
			isa = PBXGroup;
			children = (
				DD6C01B7283A751C00663C9E /* ContentView.swift */,
				DD6C01C7283A759600663C9E /* ContentViewModel.swift */,
			);
			path = Content;
			sourceTree = "<group>";
		};
/* End PBXGroup section */

/* Begin PBXNativeTarget section */
		DD6C01B1283A751C00663C9E /* MaterialDesignTextFieldExample */ = {
			isa = PBXNativeTarget;
			buildConfigurationList = DD6C01C0283A751E00663C9E /* Build configuration list for PBXNativeTarget "MaterialDesignTextFieldExample" */;
			buildPhases = (
				DD6C01AE283A751C00663C9E /* Sources */,
				DD6C01AF283A751C00663C9E /* Frameworks */,
				DD6C01B0283A751C00663C9E /* Resources */,
			);
			buildRules = (
			);
			dependencies = (
			);
			name = MaterialDesignTextFieldExample;
			packageProductDependencies = (
				DD6C01C4283A755300663C9E /* MaterialDesignTextField */,
			);
			productName = MaterialDesignTextFieldExample;
			productReference = DD6C01B2283A751C00663C9E /* MaterialDesignTextFieldExample.app */;
			productType = "com.apple.product-type.application";
		};
/* End PBXNativeTarget section */

/* Begin PBXProject section */
		DD6C01AA283A751C00663C9E /* Project object */ = {
			isa = PBXProject;
			attributes = {
				BuildIndependentTargetsInParallel = 1;
				LastSwiftUpdateCheck = 1340;
				LastUpgradeCheck = 1340;
				TargetAttributes = {
					DD6C01B1283A751C00663C9E = {
						CreatedOnToolsVersion = 13.4;
					};
				};
			};
			buildConfigurationList = DD6C01AD283A751C00663C9E /* Build configuration list for PBXProject "MaterialDesignTextFieldExample" */;
			compatibilityVersion = "Xcode 13.0";
			developmentRegion = en;
			hasScannedForEncodings = 0;
			knownRegions = (
				en,
				Base,
			);
			mainGroup = DD6C01A9283A751C00663C9E;
			packageReferences = (
				DD6C01C3283A755300663C9E /* XCRemoteSwiftPackageReference "MaterialDesignTextField" */,
			);
			productRefGroup = DD6C01B3283A751C00663C9E /* Products */;
			projectDirPath = "";
			projectRoot = "";
			targets = (
				DD6C01B1283A751C00663C9E /* MaterialDesignTextFieldExample */,
			);
		};
/* End PBXProject section */

/* Begin PBXResourcesBuildPhase section */
		DD6C01B0283A751C00663C9E /* Resources */ = {
			isa = PBXResourcesBuildPhase;
			buildActionMask = 2147483647;
			files = (
				DD6C01BD283A751E00663C9E /* Preview Assets.xcassets in Resources */,
				DD6C01BA283A751E00663C9E /* Assets.xcassets in Resources */,
			);
			runOnlyForDeploymentPostprocessing = 0;
		};
/* End PBXResourcesBuildPhase section */

/* Begin PBXSourcesBuildPhase section */
		DD6C01AE283A751C00663C9E /* Sources */ = {
			isa = PBXSourcesBuildPhase;
			buildActionMask = 2147483647;
			files = (
				DD6C01B8283A751C00663C9E /* ContentView.swift in Sources */,
				DD6C01B6283A751C00663C9E /* MaterialDesignTextFieldExampleApp.swift in Sources */,
				DD6C01C8283A759600663C9E /* ContentViewModel.swift in Sources */,
			);
			runOnlyForDeploymentPostprocessing = 0;
		};
/* End PBXSourcesBuildPhase section */

/* Begin XCBuildConfiguration section */
		DD6C01BE283A751E00663C9E /* Debug */ = {
			isa = XCBuildConfiguration;
			buildSettings = {
				ALWAYS_SEARCH_USER_PATHS = NO;
				CLANG_ANALYZER_NONNULL = YES;
				CLANG_ANALYZER_NUMBER_OBJECT_CONVERSION = YES_AGGRESSIVE;
				CLANG_CXX_LANGUAGE_STANDARD = "gnu++17";
				CLANG_ENABLE_MODULES = YES;
				CLANG_ENABLE_OBJC_ARC = YES;
				CLANG_ENABLE_OBJC_WEAK = YES;
				CLANG_WARN_BLOCK_CAPTURE_AUTORELEASING = YES;
				CLANG_WARN_BOOL_CONVERSION = YES;
				CLANG_WARN_COMMA = YES;
				CLANG_WARN_CONSTANT_CONVERSION = YES;
				CLANG_WARN_DEPRECATED_OBJC_IMPLEMENTATIONS = YES;
				CLANG_WARN_DIRECT_OBJC_ISA_USAGE = YES_ERROR;
				CLANG_WARN_DOCUMENTATION_COMMENTS = YES;
				CLANG_WARN_EMPTY_BODY = YES;
				CLANG_WARN_ENUM_CONVERSION = YES;
				CLANG_WARN_INFINITE_RECURSION = YES;
				CLANG_WARN_INT_CONVERSION = YES;
				CLANG_WARN_NON_LITERAL_NULL_CONVERSION = YES;
				CLANG_WARN_OBJC_IMPLICIT_RETAIN_SELF = YES;
				CLANG_WARN_OBJC_LITERAL_CONVERSION = YES;
				CLANG_WARN_OBJC_ROOT_CLASS = YES_ERROR;
				CLANG_WARN_QUOTED_INCLUDE_IN_FRAMEWORK_HEADER = YES;
				CLANG_WARN_RANGE_LOOP_ANALYSIS = YES;
				CLANG_WARN_STRICT_PROTOTYPES = YES;
				CLANG_WARN_SUSPICIOUS_MOVE = YES;
				CLANG_WARN_UNGUARDED_AVAILABILITY = YES_AGGRESSIVE;
				CLANG_WARN_UNREACHABLE_CODE = YES;
				CLANG_WARN__DUPLICATE_METHOD_MATCH = YES;
				COPY_PHASE_STRIP = NO;
				DEBUG_INFORMATION_FORMAT = dwarf;
				ENABLE_STRICT_OBJC_MSGSEND = YES;
				ENABLE_TESTABILITY = YES;
				GCC_C_LANGUAGE_STANDARD = gnu11;
				GCC_DYNAMIC_NO_PIC = NO;
				GCC_NO_COMMON_BLOCKS = YES;
				GCC_OPTIMIZATION_LEVEL = 0;
				GCC_PREPROCESSOR_DEFINITIONS = (
					"DEBUG=1",
					"$(inherited)",
				);
				GCC_WARN_64_TO_32_BIT_CONVERSION = YES;
				GCC_WARN_ABOUT_RETURN_TYPE = YES_ERROR;
				GCC_WARN_UNDECLARED_SELECTOR = YES;
				GCC_WARN_UNINITIALIZED_AUTOS = YES_AGGRESSIVE;
				GCC_WARN_UNUSED_FUNCTION = YES;
				GCC_WARN_UNUSED_VARIABLE = YES;
				IPHONEOS_DEPLOYMENT_TARGET = 15.5;
				MTL_ENABLE_DEBUG_INFO = INCLUDE_SOURCE;
				MTL_FAST_MATH = YES;
				ONLY_ACTIVE_ARCH = YES;
				SDKROOT = iphoneos;
				SWIFT_ACTIVE_COMPILATION_CONDITIONS = DEBUG;
				SWIFT_OPTIMIZATION_LEVEL = "-Onone";
			};
			name = Debug;
		};
		DD6C01BF283A751E00663C9E /* Release */ = {
			isa = XCBuildConfiguration;
			buildSettings = {
				ALWAYS_SEARCH_USER_PATHS = NO;
				CLANG_ANALYZER_NONNULL = YES;
				CLANG_ANALYZER_NUMBER_OBJECT_CONVERSION = YES_AGGRESSIVE;
				CLANG_CXX_LANGUAGE_STANDARD = "gnu++17";
				CLANG_ENABLE_MODULES = YES;
				CLANG_ENABLE_OBJC_ARC = YES;
				CLANG_ENABLE_OBJC_WEAK = YES;
				CLANG_WARN_BLOCK_CAPTURE_AUTORELEASING = YES;
				CLANG_WARN_BOOL_CONVERSION = YES;
				CLANG_WARN_COMMA = YES;
				CLANG_WARN_CONSTANT_CONVERSION = YES;
				CLANG_WARN_DEPRECATED_OBJC_IMPLEMENTATIONS = YES;
				CLANG_WARN_DIRECT_OBJC_ISA_USAGE = YES_ERROR;
				CLANG_WARN_DOCUMENTATION_COMMENTS = YES;
				CLANG_WARN_EMPTY_BODY = YES;
				CLANG_WARN_ENUM_CONVERSION = YES;
				CLANG_WARN_INFINITE_RECURSION = YES;
				CLANG_WARN_INT_CONVERSION = YES;
				CLANG_WARN_NON_LITERAL_NULL_CONVERSION = YES;
				CLANG_WARN_OBJC_IMPLICIT_RETAIN_SELF = YES;
				CLANG_WARN_OBJC_LITERAL_CONVERSION = YES;
				CLANG_WARN_OBJC_ROOT_CLASS = YES_ERROR;
				CLANG_WARN_QUOTED_INCLUDE_IN_FRAMEWORK_HEADER = YES;
				CLANG_WARN_RANGE_LOOP_ANALYSIS = YES;
				CLANG_WARN_STRICT_PROTOTYPES = YES;
				CLANG_WARN_SUSPICIOUS_MOVE = YES;
				CLANG_WARN_UNGUARDED_AVAILABILITY = YES_AGGRESSIVE;
				CLANG_WARN_UNREACHABLE_CODE = YES;
				CLANG_WARN__DUPLICATE_METHOD_MATCH = YES;
				COPY_PHASE_STRIP = NO;
				DEBUG_INFORMATION_FORMAT = "dwarf-with-dsym";
				ENABLE_NS_ASSERTIONS = NO;
				ENABLE_STRICT_OBJC_MSGSEND = YES;
				GCC_C_LANGUAGE_STANDARD = gnu11;
				GCC_NO_COMMON_BLOCKS = YES;
				GCC_WARN_64_TO_32_BIT_CONVERSION = YES;
				GCC_WARN_ABOUT_RETURN_TYPE = YES_ERROR;
				GCC_WARN_UNDECLARED_SELECTOR = YES;
				GCC_WARN_UNINITIALIZED_AUTOS = YES_AGGRESSIVE;
				GCC_WARN_UNUSED_FUNCTION = YES;
				GCC_WARN_UNUSED_VARIABLE = YES;
				IPHONEOS_DEPLOYMENT_TARGET = 15.5;
				MTL_ENABLE_DEBUG_INFO = NO;
				MTL_FAST_MATH = YES;
				SDKROOT = iphoneos;
				SWIFT_COMPILATION_MODE = wholemodule;
				SWIFT_OPTIMIZATION_LEVEL = "-O";
				VALIDATE_PRODUCT = YES;
			};
			name = Release;
		};
		DD6C01C1283A751E00663C9E /* Debug */ = {
			isa = XCBuildConfiguration;
			buildSettings = {
				ASSETCATALOG_COMPILER_APPICON_NAME = AppIcon;
				ASSETCATALOG_COMPILER_GLOBAL_ACCENT_COLOR_NAME = AccentColor;
				CODE_SIGN_STYLE = Automatic;
				CURRENT_PROJECT_VERSION = 1;
				DEVELOPMENT_ASSET_PATHS = "\"MaterialDesignTextFieldExample/Preview Content\"";
				DEVELOPMENT_TEAM = 5P57GECZ2K;
				ENABLE_PREVIEWS = YES;
				GENERATE_INFOPLIST_FILE = YES;
				INFOPLIST_KEY_UIApplicationSceneManifest_Generation = YES;
				INFOPLIST_KEY_UIApplicationSupportsIndirectInputEvents = YES;
				INFOPLIST_KEY_UILaunchScreen_Generation = YES;
				INFOPLIST_KEY_UISupportedInterfaceOrientations_iPad = "UIInterfaceOrientationPortrait UIInterfaceOrientationPortraitUpsideDown UIInterfaceOrientationLandscapeLeft UIInterfaceOrientationLandscapeRight";
				INFOPLIST_KEY_UISupportedInterfaceOrientations_iPhone = "UIInterfaceOrientationPortrait UIInterfaceOrientationLandscapeLeft UIInterfaceOrientationLandscapeRight";
				LD_RUNPATH_SEARCH_PATHS = (
					"$(inherited)",
					"@executable_path/Frameworks",
				);
				MARKETING_VERSION = 1.0;
				PRODUCT_BUNDLE_IDENTIFIER = "com.lazarev-zubov.MaterialDesignTextFieldExample";
				PRODUCT_NAME = "$(TARGET_NAME)";
				SWIFT_EMIT_LOC_STRINGS = YES;
				SWIFT_VERSION = 5.0;
				TARGETED_DEVICE_FAMILY = "1,2";
			};
			name = Debug;
		};
		DD6C01C2283A751E00663C9E /* Release */ = {
			isa = XCBuildConfiguration;
			buildSettings = {
				ASSETCATALOG_COMPILER_APPICON_NAME = AppIcon;
				ASSETCATALOG_COMPILER_GLOBAL_ACCENT_COLOR_NAME = AccentColor;
				CODE_SIGN_STYLE = Automatic;
				CURRENT_PROJECT_VERSION = 1;
				DEVELOPMENT_ASSET_PATHS = "\"MaterialDesignTextFieldExample/Preview Content\"";
				DEVELOPMENT_TEAM = 5P57GECZ2K;
				ENABLE_PREVIEWS = YES;
				GENERATE_INFOPLIST_FILE = YES;
				INFOPLIST_KEY_UIApplicationSceneManifest_Generation = YES;
				INFOPLIST_KEY_UIApplicationSupportsIndirectInputEvents = YES;
				INFOPLIST_KEY_UILaunchScreen_Generation = YES;
				INFOPLIST_KEY_UISupportedInterfaceOrientations_iPad = "UIInterfaceOrientationPortrait UIInterfaceOrientationPortraitUpsideDown UIInterfaceOrientationLandscapeLeft UIInterfaceOrientationLandscapeRight";
				INFOPLIST_KEY_UISupportedInterfaceOrientations_iPhone = "UIInterfaceOrientationPortrait UIInterfaceOrientationLandscapeLeft UIInterfaceOrientationLandscapeRight";
				LD_RUNPATH_SEARCH_PATHS = (
					"$(inherited)",
					"@executable_path/Frameworks",
				);
				MARKETING_VERSION = 1.0;
				PRODUCT_BUNDLE_IDENTIFIER = "com.lazarev-zubov.MaterialDesignTextFieldExample";
				PRODUCT_NAME = "$(TARGET_NAME)";
				SWIFT_EMIT_LOC_STRINGS = YES;
				SWIFT_VERSION = 5.0;
				TARGETED_DEVICE_FAMILY = "1,2";
			};
			name = Release;
		};
/* End XCBuildConfiguration section */

/* Begin XCConfigurationList section */
		DD6C01AD283A751C00663C9E /* Build configuration list for PBXProject "MaterialDesignTextFieldExample" */ = {
			isa = XCConfigurationList;
			buildConfigurations = (
				DD6C01BE283A751E00663C9E /* Debug */,
				DD6C01BF283A751E00663C9E /* Release */,
			);
			defaultConfigurationIsVisible = 0;
			defaultConfigurationName = Release;
		};
		DD6C01C0283A751E00663C9E /* Build configuration list for PBXNativeTarget "MaterialDesignTextFieldExample" */ = {
			isa = XCConfigurationList;
			buildConfigurations = (
				DD6C01C1283A751E00663C9E /* Debug */,
				DD6C01C2283A751E00663C9E /* Release */,
			);
			defaultConfigurationIsVisible = 0;
			defaultConfigurationName = Release;
		};
/* End XCConfigurationList section */

/* Begin XCRemoteSwiftPackageReference section */
		DD6C01C3283A755300663C9E /* XCRemoteSwiftPackageReference "MaterialDesignTextField" */ = {
			isa = XCRemoteSwiftPackageReference;
			repositoryURL = "https://github.com/lazarevzubov/MaterialDesignTextField.git";
			requirement = {
				branch = main;
				kind = branch;
			};
		};
/* End XCRemoteSwiftPackageReference section */

/* Begin XCSwiftPackageProductDependency section */
		DD6C01C4283A755300663C9E /* MaterialDesignTextField */ = {
			isa = XCSwiftPackageProductDependency;
			package = DD6C01C3283A755300663C9E /* XCRemoteSwiftPackageReference "MaterialDesignTextField" */;
			productName = MaterialDesignTextField;
		};
/* End XCSwiftPackageProductDependency section */
	};
	rootObject = DD6C01AA283A751C00663C9E /* Project object */;
}
